<?xml version="1.0" encoding="utf-8"?>
<Project ToolsVersion="4.0" xmlns="http://schemas.microsoft.com/developer/msbuild/2003">
  <ItemGroup>
    <Filter Include="Source Files">
      <UniqueIdentifier>{4FC737F1-C7A5-4376-A066-2A32D752A2FF}</UniqueIdentifier>
      <Extensions>cpp;c;cc;cxx;c++;cppm;ixx;def;odl;idl;hpj;bat;asm;asmx</Extensions>
    </Filter>
    <Filter Include="Header Files">
      <UniqueIdentifier>{93995380-89BD-4b04-88EB-625FBE52EBFB}</UniqueIdentifier>
      <Extensions>h;hh;hpp;hxx;h++;hm;inl;inc;ipp;xsd</Extensions>
    </Filter>
    <Filter Include="Resource Files">
      <UniqueIdentifier>{67DA6AB6-F800-4c08-8B7A-83BB121AAD01}</UniqueIdentifier>
      <Extensions>rc;ico;cur;bmp;dlg;rc2;rct;bin;rgs;gif;jpg;jpeg;jpe;resx;tiff;tif;png;wav;mfcribbon-ms</Extensions>
    </Filter>
  </ItemGroup>
  <ItemGroup>
    <ClCompile Include="src\main.c">
      <Filter>Source Files</Filter>
    </ClCompile>
    <ClCompile Include="src\Graphics.c">
      <Filter>Source Files</Filter>
    </ClCompile>
    <ClCompile Include="src\Settings.c">
      <Filter>Source Files</Filter>
    </ClCompile>
    <ClCompile Include="src\Utils.c">
      <Filter>Source Files</Filter>
    </ClCompile>
    <ClCompile Include="src\Audio.c">
      <Filter>Source Files</Filter>
    </ClCompile>
    <ClCompile Include="src\Ui.c">
      <Filter>Source Files</Filter>
    </ClCompile>
    <ClCompile Include="src\Values\Config.c">
      <Filter>Source Files</Filter>
    </ClCompile>
    <ClCompile Include="src\Engine\Board.c">
      <Filter>Source Files</Filter>
    </ClCompile>
    <ClCompile Include="src\Scenes\LoadingScene.c">
      <Filter>Source Files</Filter>
    </ClCompile>
    <ClCompile Include="src\Values\Colors.c">
      <Filter>Source Files</Filter>
    </ClCompile>
    <ClCompile Include="src\zini.c">
      <Filter>Source Files</Filter>
    </ClCompile>
    <ClCompile Include="src\Scenes\MenuScene.c">
      <Filter>Source Files</Filter>
    </ClCompile>
    <ClCompile Include="src\Scenes\OptionsMenuScene.c">
      <Filter>Source Files</Filter>
    </ClCompile>
    <ClCompile Include="src\Core.c">
      <Filter>Source Files</Filter>
    </ClCompile>
    <ClCompile Include="src\Scenes\MainGame.c">
      <Filter>Source Files</Filter>
    </ClCompile>
    <ClCompile Include="src\Engine\Engine.c">
      <Filter>Source Files</Filter>
    </ClCompile>
    <ClCompile Include="src\Engine\Piece.c">
      <Filter>Source Files</Filter>
    </ClCompile>
    <ClCompile Include="src\Engine\Move.c">
      <Filter>Source Files</Filter>
    </ClCompile>
    <ClCompile Include="src\AssetManager.c">
      <Filter>Source Files</Filter>
    </ClCompile>
  </ItemGroup>
  <ItemGroup>
    <ClInclude Include="include\Graphics.h">
      <Filter>Header Files</Filter>
    </ClInclude>
    <ClInclude Include="include\Settings.h">
      <Filter>Header Files</Filter>
    </ClInclude>
    <ClInclude Include="include\Utils.h">
      <Filter>Header Files</Filter>
    </ClInclude>
    <ClInclude Include="include\Audio.h">
      <Filter>Header Files</Filter>
    </ClInclude>
    <ClInclude Include="resource.h">
      <Filter>Header Files</Filter>
    </ClInclude>
    <ClInclude Include="include\Ui.h">
      <Filter>Header Files</Filter>
    </ClInclude>
    <ClInclude Include="include\Values\Config.h">
      <Filter>Header Files</Filter>
    </ClInclude>
    <ClInclude Include="include\Engine\Board.h">
      <Filter>Header Files</Filter>
    </ClInclude>
    <ClInclude Include="include\Scenes\LoadingScene.h">
      <Filter>Header Files</Filter>
    </ClInclude>
    <ClInclude Include="include\Scenes\SceneManager.h">
      <Filter>Header Files</Filter>
    </ClInclude>
    <ClInclude Include="include\Values\Colors.h">
      <Filter>Header Files</Filter>
    </ClInclude>
    <ClInclude Include="include\zini.h">
      <Filter>Header Files</Filter>
    </ClInclude>
    <ClInclude Include="include\Scenes\MenuScene.h">
      <Filter>Header Files</Filter>
    </ClInclude>
    <ClInclude Include="include\Scenes\OptionsMenuScene.h">
      <Filter>Header Files</Filter>
    </ClInclude>
    <ClInclude Include="include\Core.h">
      <Filter>Header Files</Filter>
    </ClInclude>
    <ClInclude Include="include\Scenes\MainGame.h">
      <Filter>Header Files</Filter>
    </ClInclude>
    <ClInclude Include="include\Engine\Engine.h">
      <Filter>Header Files</Filter>
    </ClInclude>
    <ClInclude Include="include\Engine\Piece.h">
      <Filter>Header Files</Filter>
    </ClInclude>
    <ClInclude Include="include\Engine\Move.h">
      <Filter>Header Files</Filter>
    </ClInclude>
    <ClInclude Include="include\AssetManager.h">
      <Filter>Header Files</Filter>
    </ClInclude>
  </ItemGroup>
  <ItemGroup>
    <ResourceCompile Include="ZiChess.rc">
      <Filter>Resource Files</Filter>
    </ResourceCompile>
  </ItemGroup>
  <ItemGroup>
    <Image Include="asset\images\icon.png">
      <Filter>Resource Files</Filter>
    </Image>
    <Image Include="asset\images\icon.ico">
      <Filter>Resource Files</Filter>
    </Image>
    <Image Include="asset\images\pieces\Pieces.png">
      <Filter>Resource Files</Filter>
    </Image>
    <Image Include="asset\images\king_bg.png">
      <Filter>Resource Files</Filter>
    </Image>
    <Image Include="asset\images\knight_bg1.png">
      <Filter>Resource Files</Filter>
    </Image>
    <Image Include="asset\images\knight_bg2.png">
      <Filter>Resource Files</Filter>
    </Image>
    <Image Include="asset\images\knight_bg3.png">
      <Filter>Resource Files</Filter>
    </Image>
    <Image Include="asset\images\queen_bg.png">
      <Filter>Resource Files</Filter>
    </Image>
    <Image Include="asset\images\anonymouse_user.png">
      <Filter>Resource Files</Filter>
    </Image>
  </ItemGroup>
  <ItemGroup>
    <None Include="bin\Debug\settings.ini" />
    <None Include="bin\Release\settings.ini" />
    <None Include="data\settings.ini" />
    <None Include=".gitignore" />
    <None Include="ZiChess.aps" />
  </ItemGroup>
  <ItemGroup>
    <Text Include="data\config.ini" />
  </ItemGroup>
  <ItemGroup>
    <Font Include="asset\fonts\Montserrat-Bold.ttf" />
    <Font Include="asset\fonts\Montserrat-Medium.ttf" />
    <Font Include="asset\fonts\OpenSans-Regular.ttf" />
  </ItemGroup>
  <ItemGroup>
    <Media Include="asset\audio\music\GymnopedieNo1.mp3" />
    <Media Include="asset\audio\music\FrozenStar.mp3" />
    <Media Include="asset\audio\sfx\capture.wav">
      <Filter>Resource Files</Filter>
    </Media>
    <Media Include="asset\audio\sfx\castle.wav">
      <Filter>Resource Files</Filter>
    </Media>
    <Media Include="asset\audio\sfx\move-check.wav">
      <Filter>Resource Files</Filter>
    </Media>
    <Media Include="asset\audio\sfx\move-self.wav">
      <Filter>Resource Files</Filter>
    </Media>
    <Media Include="asset\audio\sfx\notify.wav">
      <Filter>Resource Files</Filter>
    </Media>
    <Media Include="asset\audio\sfx\promote.wav">
      <Filter>Resource Files</Filter>
    </Media>
  </ItemGroup>
</Project>